
Microsoft Visual Studio Solution File, Format Version 12.00
# Visual Studio Version 16
VisualStudioVersion = 16.0.29519.87
MinimumVisualStudioVersion = 10.0.40219.1
Project("{F184B08F-C81C-45F6-A57F-5ABD9991F28F}") = "MinecraftEarthTiles_ErrorHelper", "MinecraftEarthTiles_ErrorHelper\MinecraftEarthTiles_ErrorHelper.vbproj", "{A2BEE976-AA81-41A6-9212-B2E933636410}"
EndProject
Global
	GlobalSection(SolutionConfigurationPlatforms) = preSolution
		Debug|Any CPU = Debug|Any CPU
		Release|Any CPU = Release|Any CPU
	EndGlobalSection
	GlobalSection(ProjectConfigurationPlatforms) = postSolution
		{A2BEE976-AA81-41A6-9212-B2E933636410}.Debug|Any CPU.ActiveCfg = Debug|Any CPU
		{A2BEE976-AA81-41A6-9212-B2E933636410}.Debug|Any CPU.Build.0 = Debug|Any CPU
		{A2BEE976-AA81-41A6-9212-B2E933636410}.Release|Any CPU.ActiveCfg = Release|Any CPU
		{A2BEE976-AA81-41A6-9212-B2E933636410}.Release|Any CPU.Build.0 = Release|Any CPU
	EndGlobalSection
	GlobalSection(SolutionProperties) = preSolution
		HideSolutionNode = FALSE
	EndGlobalSection
	GlobalSection(ExtensibilityGlobals) = postSolution
		SolutionGuid = {5F52733A-195B-4227-A6DC-5D048D690588}
	EndGlobalSection
EndGlobal
